
Microsoft Visual Studio Solution File, Format Version 12.00
# Visual Studio 14
VisualStudioVersion = 14.0.25420.1
MinimumVisualStudioVersion = 10.0.40219.1
Project("{FAE04EC0-301F-11D3-BF4B-00C04F79EFBC}") = "WebcorLessonsLearnedApp", "WebcorLessonsLearnedApp\WebcorLessonsLearnedApp.csproj", "{B205F942-23D9-403A-9253-5EB73A7C4EE0}"
EndProject
Project("{FAE04EC0-301F-11D3-BF4B-00C04F79EFBC}") = "WebcorLessonsLearnedAppWeb", "WebcorLessonsLearnedAppWeb\WebcorLessonsLearnedAppWeb.csproj", "{FEA20737-0B22-4BDD-BA48-87C5231E8F59}"
EndProject
Project("{FAE04EC0-301F-11D3-BF4B-00C04F79EFBC}") = "WebcorLessonsLearnedAppWebConsole", "WebcorLessonsLearnedAppWebConsole\WebcorLessonsLearnedAppWebConsole.csproj", "{8D694912-4E2F-47FD-A570-B1DFF4212EFA}"
EndProject
Global
	GlobalSection(SolutionConfigurationPlatforms) = preSolution
		Debug|Any CPU = Debug|Any CPU
		Release|Any CPU = Release|Any CPU
	EndGlobalSection
	GlobalSection(ProjectConfigurationPlatforms) = postSolution
		{B205F942-23D9-403A-9253-5EB73A7C4EE0}.Debug|Any CPU.ActiveCfg = Debug|Any CPU
		{B205F942-23D9-403A-9253-5EB73A7C4EE0}.Debug|Any CPU.Build.0 = Debug|Any CPU
		{B205F942-23D9-403A-9253-5EB73A7C4EE0}.Debug|Any CPU.Deploy.0 = Debug|Any CPU
		{B205F942-23D9-403A-9253-5EB73A7C4EE0}.Release|Any CPU.ActiveCfg = Release|Any CPU
		{B205F942-23D9-403A-9253-5EB73A7C4EE0}.Release|Any CPU.Build.0 = Release|Any CPU
		{B205F942-23D9-403A-9253-5EB73A7C4EE0}.Release|Any CPU.Deploy.0 = Release|Any CPU
		{FEA20737-0B22-4BDD-BA48-87C5231E8F59}.Debug|Any CPU.ActiveCfg = Debug|Any CPU
		{FEA20737-0B22-4BDD-BA48-87C5231E8F59}.Debug|Any CPU.Build.0 = Debug|Any CPU
		{FEA20737-0B22-4BDD-BA48-87C5231E8F59}.Release|Any CPU.ActiveCfg = Release|Any CPU
		{FEA20737-0B22-4BDD-BA48-87C5231E8F59}.Release|Any CPU.Build.0 = Release|Any CPU
		{8D694912-4E2F-47FD-A570-B1DFF4212EFA}.Debug|Any CPU.ActiveCfg = Debug|Any CPU
		{8D694912-4E2F-47FD-A570-B1DFF4212EFA}.Debug|Any CPU.Build.0 = Debug|Any CPU
		{8D694912-4E2F-47FD-A570-B1DFF4212EFA}.Release|Any CPU.ActiveCfg = Release|Any CPU
		{8D694912-4E2F-47FD-A570-B1DFF4212EFA}.Release|Any CPU.Build.0 = Release|Any CPU
	EndGlobalSection
	GlobalSection(SolutionProperties) = preSolution
		HideSolutionNode = FALSE
	EndGlobalSection
EndGlobal
